
Microsoft Visual Studio Solution File, Format Version 12.00
# Visual Studio Version 17
VisualStudioVersion = 17.14.37328.6 d17.14
MinimumVisualStudioVersion = 10.0.40219.1
Project("{FAE04EC0-301F-11D3-BF4B-00C04F79EFBC}") = "ProdApi", "ProdApi\ProdApi.csproj", "{DD676939-2704-4227-B43F-495C52D0A8BE}"
EndProject
Global
	GlobalSection(SolutionConfigurationPlatforms) = preSolution
		Debug|Any CPU = Debug|Any CPU
		Release|Any CPU = Release|Any CPU
	EndGlobalSection
	GlobalSection(ProjectConfigurationPlatforms) = postSolution
		{DD676939-2704-4227-B43F-495C52D0A8BE}.Debug|Any CPU.ActiveCfg = Debug|Any CPU
		{DD676939-2704-4227-B43F-495C52D0A8BE}.Debug|Any CPU.Build.0 = Debug|Any CPU
		{DD676939-2704-4227-B43F-495C52D0A8BE}.Release|Any CPU.ActiveCfg = Release|Any CPU
		{DD676939-2704-4227-B43F-495C52D0A8BE}.Release|Any CPU.Build.0 = Release|Any CPU
	EndGlobalSection
	GlobalSection(SolutionProperties) = preSolution
		HideSolutionNode = FALSE
	EndGlobalSection
	GlobalSection(ExtensibilityGlobals) = postSolution
		SolutionGuid = {89C4161A-245E-4748-8DBA-D57ED3EB42CB}
	EndGlobalSection
EndGlobal
